// !$*UTF8*$!
{
	archiveVersion = 1;
	classes = {
	};
	objectVersion = 46;
	objects = {

/* Begin PBXBuildFile section */
		4055D3791D2F184E004FB059 /* main.m in Sources */ = {isa = PBXBuildFile; fileRef = 4055D3781D2F184E004FB059 /* main.m */; };
		4055D37C1D2F184E004FB059 /* AppDelegate.m in Sources */ = {isa = PBXBuildFile; fileRef = 4055D37B1D2F184E004FB059 /* AppDelegate.m */; };
		4055D37F1D2F184E004FB059 /* ViewController.m in Sources */ = {isa = PBXBuildFile; fileRef = 4055D37E1D2F184E004FB059 /* ViewController.m */; };
		4055D3821D2F184E004FB059 /* Main.storyboard in Resources */ = {isa = PBXBuildFile; fileRef = 4055D3801D2F184E004FB059 /* Main.storyboard */; };
		4055D3841D2F184E004FB059 /* Assets.xcassets in Resources */ = {isa = PBXBuildFile; fileRef = 4055D3831D2F184E004FB059 /* Assets.xcassets */; };
		4055D3871D2F184E004FB059 /* LaunchScreen.storyboard in Resources */ = {isa = PBXBuildFile; fileRef = 4055D3851D2F184E004FB059 /* LaunchScreen.storyboard */; };
		4055D3921D2F184E004FB059 /* FastestRpmTests.m in Sources */ = {isa = PBXBuildFile; fileRef = 4055D3911D2F184E004FB059 /* FastestRpmTests.m */; };
		4055D39D1D2F184E004FB059 /* FastestRpmUITests.m in Sources */ = {isa = PBXBuildFile; fileRef = 4055D39C1D2F184E004FB059 /* FastestRpmUITests.m */; };
		4099B1D21D2F1C4500CA884E /* needle.png in Resources */ = {isa = PBXBuildFile; fileRef = 4099B1D01D2F1C4500CA884E /* needle.png */; };
		4099B1D31D2F1C4500CA884E /* speedoMeter.png in Resources */ = {isa = PBXBuildFile; fileRef = 4099B1D11D2F1C4500CA884E /* speedoMeter.png */; };
/* End PBXBuildFile section */

/* Begin PBXContainerItemProxy section */
		4055D38E1D2F184E004FB059 /* PBXContainerItemProxy */ = {
			isa = PBXContainerItemProxy;
			containerPortal = 4055D36C1D2F184E004FB059 /* Project object */;
			proxyType = 1;
			remoteGlobalIDString = 4055D3731D2F184E004FB059;
			remoteInfo = FastestRpm;
		};
		4055D3991D2F184E004FB059 /* PBXContainerItemProxy */ = {
			isa = PBXContainerItemProxy;
			containerPortal = 4055D36C1D2F184E004FB059 /* Project object */;
			proxyType = 1;
			remoteGlobalIDString = 4055D3731D2F184E004FB059;
			remoteInfo = FastestRpm;
		};
/* End PBXContainerItemProxy section */

/* Begin PBXFileReference section */
		4055D3741D2F184E004FB059 /* FastestRpm.app */ = {isa = PBXFileReference; explicitFileType = wrapper.application; includeInIndex = 0; path = FastestRpm.app; sourceTree = BUILT_PRODUCTS_DIR; };
		4055D3781D2F184E004FB059 /* main.m */ = {isa = PBXFileReference; lastKnownFileType = sourcecode.c.objc; path = main.m; sourceTree = "<group>"; };
		4055D37A1D2F184E004FB059 /* AppDelegate.h */ = {isa = PBXFileReference; lastKnownFileType = sourcecode.c.h; path = AppDelegate.h; sourceTree = "<group>"; };
		4055D37B1D2F184E004FB059 /* AppDelegate.m */ = {isa = PBXFileReference; lastKnownFileType = sourcecode.c.objc; path = AppDelegate.m; sourceTree = "<group>"; };
		4055D37D1D2F184E004FB059 /* ViewController.h */ = {isa = PBXFileReference; lastKnownFileType = sourcecode.c.h; path = ViewController.h; sourceTree = "<group>"; };
		4055D37E1D2F184E004FB059 /* ViewController.m */ = {isa = PBXFileReference; lastKnownFileType = sourcecode.c.objc; path = ViewController.m; sourceTree = "<group>"; };
		4055D3811D2F184E004FB059 /* Base */ = {isa = PBXFileReference; lastKnownFileType = file.storyboard; name = Base; path = Base.lproj/Main.storyboard; sourceTree = "<group>"; };
		4055D3831D2F184E004FB059 /* Assets.xcassets */ = {isa = PBXFileReference; lastKnownFileType = folder.assetcatalog; path = Assets.xcassets; sourceTree = "<group>"; };
		4055D3861D2F184E004FB059 /* Base */ = {isa = PBXFileReference; lastKnownFileType = file.storyboard; name = Base; path = Base.lproj/LaunchScreen.storyboard; sourceTree = "<group>"; };
		4055D3881D2F184E004FB059 /* Info.plist */ = {isa = PBXFileReference; lastKnownFileType = text.plist.xml; path = Info.plist; sourceTree = "<group>"; };
		4055D38D1D2F184E004FB059 /* FastestRpmTests.xctest */ = {isa = PBXFileReference; explicitFileType = wrapper.cfbundle; includeInIndex = 0; path = FastestRpmTests.xctest; sourceTree = BUILT_PRODUCTS_DIR; };
		4055D3911D2F184E004FB059 /* FastestRpmTests.m */ = {isa = PBXFileReference; lastKnownFileType = sourcecode.c.objc; path = FastestRpmTests.m; sourceTree = "<group>"; };
		4055D3931D2F184E004FB059 /* Info.plist */ = {isa = PBXFileReference; lastKnownFileType = text.plist.xml; path = Info.plist; sourceTree = "<group>"; };
		4055D3981D2F184E004FB059 /* FastestRpmUITests.xctest */ = {isa = PBXFileReference; explicitFileType = wrapper.cfbundle; includeInIndex = 0; path = FastestRpmUITests.xctest; sourceTree = BUILT_PRODUCTS_DIR; };
		4055D39C1D2F184E004FB059 /* FastestRpmUITests.m */ = {isa = PBXFileReference; lastKnownFileType = sourcecode.c.objc; path = FastestRpmUITests.m; sourceTree = "<group>"; };
		4055D39E1D2F184E004FB059 /* Info.plist */ = {isa = PBXFileReference; lastKnownFileType = text.plist.xml; path = Info.plist; sourceTree = "<group>"; };
		4099B1D01D2F1C4500CA884E /* needle.png */ = {isa = PBXFileReference; lastKnownFileType = image.png; path = needle.png; sourceTree = "<group>"; };
		4099B1D11D2F1C4500CA884E /* speedoMeter.png */ = {isa = PBXFileReference; lastKnownFileType = image.png; path = speedoMeter.png; sourceTree = "<group>"; };
/* End PBXFileReference section */

/* Begin PBXFrameworksBuildPhase section */
		4055D3711D2F184E004FB059 /* Frameworks */ = {
			isa = PBXFrameworksBuildPhase;
			buildActionMask = 2147483647;
			files = (
			);
			runOnlyForDeploymentPostprocessing = 0;
		};
		4055D38A1D2F184E004FB059 /* Frameworks */ = {
			isa = PBXFrameworksBuildPhase;
			buildActionMask = 2147483647;
			files = (
			);
			runOnlyForDeploymentPostprocessing = 0;
		};
		4055D3951D2F184E004FB059 /* Frameworks */ = {
			isa = PBXFrameworksBuildPhase;
			buildActionMask = 2147483647;
			files = (
			);
			runOnlyForDeploymentPostprocessing = 0;
		};
/* End PBXFrameworksBuildPhase section */

/* Begin PBXGroup section */
		4055D36B1D2F184E004FB059 = {
			isa = PBXGroup;
			children = (
				4055D3761D2F184E004FB059 /* FastestRpm */,
				4055D3901D2F184E004FB059 /* FastestRpmTests */,
				4055D39B1D2F184E004FB059 /* FastestRpmUITests */,
				4055D3751D2F184E004FB059 /* Products */,
			);
			sourceTree = "<group>";
		};
		4055D3751D2F184E004FB059 /* Products */ = {
			isa = PBXGroup;
			children = (
				4055D3741D2F184E004FB059 /* FastestRpm.app */,
				4055D38D1D2F184E004FB059 /* FastestRpmTests.xctest */,
				4055D3981D2F184E004FB059 /* FastestRpmUITests.xctest */,
			);
			name = Products;
			sourceTree = "<group>";
		};
		4055D3761D2F184E004FB059 /* FastestRpm */ = {
			isa = PBXGroup;
			children = (
				4099B1D01D2F1C4500CA884E /* needle.png */,
				4099B1D11D2F1C4500CA884E /* speedoMeter.png */,
				4055D37A1D2F184E004FB059 /* AppDelegate.h */,
				4055D37B1D2F184E004FB059 /* AppDelegate.m */,
				4055D37D1D2F184E004FB059 /* ViewController.h */,
				4055D37E1D2F184E004FB059 /* ViewController.m */,
				4055D3801D2F184E004FB059 /* Main.storyboard */,
				4055D3831D2F184E004FB059 /* Assets.xcassets */,
				4055D3851D2F184E004FB059 /* LaunchScreen.storyboard */,
				4055D3881D2F184E004FB059 /* Info.plist */,
				4055D3771D2F184E004FB059 /* Supporting Files */,
			);
			path = FastestRpm;
			sourceTree = "<group>";
		};
		4055D3771D2F184E004FB059 /* Supporting Files */ = {
			isa = PBXGroup;
			children = (
				4055D3781D2F184E004FB059 /* main.m */,
			);
			name = "Supporting Files";
			sourceTree = "<group>";
		};
		4055D3901D2F184E004FB059 /* FastestRpmTests */ = {
			isa = PBXGroup;
			children = (
				4055D3911D2F184E004FB059 /* FastestRpmTests.m */,
				4055D3931D2F184E004FB059 /* Info.plist */,
			);
			path = FastestRpmTests;
			sourceTree = "<group>";
		};
		4055D39B1D2F184E004FB059 /* FastestRpmUITests */ = {
			isa = PBXGroup;
			children = (
				4055D39C1D2F184E004FB059 /* FastestRpmUITests.m */,
				4055D39E1D2F184E004FB059 /* Info.plist */,
			);
			path = FastestRpmUITests;
			sourceTree = "<group>";
		};
/* End PBXGroup section */

/* Begin PBXNativeTarget section */
		4055D3731D2F184E004FB059 /* FastestRpm */ = {
			isa = PBXNativeTarget;
			buildConfigurationList = 4055D3A11D2F184E004FB059 /* Build configuration list for PBXNativeTarget "FastestRpm" */;
			buildPhases = (
				4055D3701D2F184E004FB059 /* Sources */,
				4055D3711D2F184E004FB059 /* Frameworks */,
				4055D3721D2F184E004FB059 /* Resources */,
			);
			buildRules = (
			);
			dependencies = (
			);
			name = FastestRpm;
			productName = FastestRpm;
			productReference = 4055D3741D2F184E004FB059 /* FastestRpm.app */;
			productType = "com.apple.product-type.application";
		};
		4055D38C1D2F184E004FB059 /* FastestRpmTests */ = {
			isa = PBXNativeTarget;
			buildConfigurationList = 4055D3A41D2F184E004FB059 /* Build configuration list for PBXNativeTarget "FastestRpmTests" */;
			buildPhases = (
				4055D3891D2F184E004FB059 /* Sources */,
				4055D38A1D2F184E004FB059 /* Frameworks */,
				4055D38B1D2F184E004FB059 /* Resources */,
			);
			buildRules = (
			);
			dependencies = (
				4055D38F1D2F184E004FB059 /* PBXTargetDependency */,
			);
			name = FastestRpmTests;
			productName = FastestRpmTests;
			productReference = 4055D38D1D2F184E004FB059 /* FastestRpmTests.xctest */;
			productType = "com.apple.product-type.bundle.unit-test";
		};
		4055D3971D2F184E004FB059 /* FastestRpmUITests */ = {
			isa = PBXNativeTarget;
			buildConfigurationList = 4055D3A71D2F184E004FB059 /* Build configuration list for PBXNativeTarget "FastestRpmUITests" */;
			buildPhases = (
				4055D3941D2F184E004FB059 /* Sources */,
				4055D3951D2F184E004FB059 /* Frameworks */,
				4055D3961D2F184E004FB059 /* Resources */,
			);
			buildRules = (
			);
			dependencies = (
				4055D39A1D2F184E004FB059 /* PBXTargetDependency */,
			);
			name = FastestRpmUITests;
			productName = FastestRpmUITests;
			productReference = 4055D3981D2F184E004FB059 /* FastestRpmUITests.xctest */;
			productType = "com.apple.product-type.bundle.ui-testing";
		};
/* End PBXNativeTarget section */

/* Begin PBXProject section */
		4055D36C1D2F184E004FB059 /* Project object */ = {
			isa = PBXProject;
			attributes = {
				LastUpgradeCheck = 0730;
				ORGANIZATIONNAME = "Jeff Eom";
				TargetAttributes = {
					4055D3731D2F184E004FB059 = {
						CreatedOnToolsVersion = 7.3.1;
						DevelopmentTeam = RJSTWC7526;
					};
					4055D38C1D2F184E004FB059 = {
						CreatedOnToolsVersion = 7.3.1;
						TestTargetID = 4055D3731D2F184E004FB059;
					};
					4055D3971D2F184E004FB059 = {
						CreatedOnToolsVersion = 7.3.1;
						TestTargetID = 4055D3731D2F184E004FB059;
					};
				};
			};
			buildConfigurationList = 4055D36F1D2F184E004FB059 /* Build configuration list for PBXProject "FastestRpm" */;
			compatibilityVersion = "Xcode 3.2";
			developmentRegion = English;
			hasScannedForEncodings = 0;
			knownRegions = (
				en,
				Base,
			);
			mainGroup = 4055D36B1D2F184E004FB059;
			productRefGroup = 4055D3751D2F184E004FB059 /* Products */;
			projectDirPath = "";
			projectRoot = "";
			targets = (
				4055D3731D2F184E004FB059 /* FastestRpm */,
				4055D38C1D2F184E004FB059 /* FastestRpmTests */,
				4055D3971D2F184E004FB059 /* FastestRpmUITests */,
			);
		};
/* End PBXProject section */

/* Begin PBXResourcesBuildPhase section */
		4055D3721D2F184E004FB059 /* Resources */ = {
			isa = PBXResourcesBuildPhase;
			buildActionMask = 2147483647;
			files = (
				4055D3871D2F184E004FB059 /* LaunchScreen.storyboard in Resources */,
				4055D3841D2F184E004FB059 /* Assets.xcassets in Resources */,
				4099B1D21D2F1C4500CA884E /* needle.png in Resources */,
				4055D3821D2F184E004FB059 /* Main.storyboard in Resources */,
				4099B1D31D2F1C4500CA884E /* speedoMeter.png in Resources */,
			);
			runOnlyForDeploymentPostprocessing = 0;
		};
		4055D38B1D2F184E004FB059 /* Resources */ = {
			isa = PBXResourcesBuildPhase;
			buildActionMask = 2147483647;
			files = (
			);
			runOnlyForDeploymentPostprocessing = 0;
		};
		4055D3961D2F184E004FB059 /* Resources */ = {
			isa = PBXResourcesBuildPhase;
			buildActionMask = 2147483647;
			files = (
			);
			runOnlyForDeploymentPostprocessing = 0;
		};
/* End PBXResourcesBuildPhase section */

/* Begin PBXSourcesBuildPhase section */
		4055D3701D2F184E004FB059 /* Sources */ = {
			isa = PBXSourcesBuildPhase;
			buildActionMask = 2147483647;
			files = (
				4055D37F1D2F184E004FB059 /* ViewController.m in Sources */,
				4055D37C1D2F184E004FB059 /* AppDelegate.m in Sources */,
				4055D3791D2F184E004FB059 /* main.m in Sources */,
			);
			runOnlyForDeploymentPostprocessing = 0;
		};
		4055D3891D2F184E004FB059 /* Sources */ = {
			isa = PBXSourcesBuildPhase;
			buildActionMask = 2147483647;
			files = (
				4055D3921D2F184E004FB059 /* FastestRpmTests.m in Sources */,
			);
			runOnlyForDeploymentPostprocessing = 0;
		};
		4055D3941D2F184E004FB059 /* Sources */ = {
			isa = PBXSourcesBuildPhase;
			buildActionMask = 2147483647;
			files = (
				4055D39D1D2F184E004FB059 /* FastestRpmUITests.m in Sources */,
			);
			runOnlyForDeploymentPostprocessing = 0;
		};
/* End PBXSourcesBuildPhase section */

/* Begin PBXTargetDependency section */
		4055D38F1D2F184E004FB059 /* PBXTargetDependency */ = {
			isa = PBXTargetDependency;
			target = 4055D3731D2F184E004FB059 /* FastestRpm */;
			targetProxy = 4055D38E1D2F184E004FB059 /* PBXContainerItemProxy */;
		};
		4055D39A1D2F184E004FB059 /* PBXTargetDependency */ = {
			isa = PBXTargetDependency;
			target = 4055D3731D2F184E004FB059 /* FastestRpm */;
			targetProxy = 4055D3991D2F184E004FB059 /* PBXContainerItemProxy */;
		};
/* End PBXTargetDependency section */

/* Begin PBXVariantGroup section */
		4055D3801D2F184E004FB059 /* Main.storyboard */ = {
			isa = PBXVariantGroup;
			children = (
				4055D3811D2F184E004FB059 /* Base */,
			);
			name = Main.storyboard;
			sourceTree = "<group>";
		};
		4055D3851D2F184E004FB059 /* LaunchScreen.storyboard */ = {
			isa = PBXVariantGroup;
			children = (
				4055D3861D2F184E004FB059 /* Base */,
			);
			name = LaunchScreen.storyboard;
			sourceTree = "<group>";
		};
/* End PBXVariantGroup section */

/* Begin XCBuildConfiguration section */
		4055D39F1D2F184E004FB059 /* Debug */ = {
			isa = XCBuildConfiguration;
			buildSettings = {
				ALWAYS_SEARCH_USER_PATHS = NO;
				CLANG_ANALYZER_NONNULL = YES;
				CLANG_CXX_LANGUAGE_STANDARD = "gnu++0x";
				CLANG_CXX_LIBRARY = "libc++";
				CLANG_ENABLE_MODULES = YES;
				CLANG_ENABLE_OBJC_ARC = YES;
				CLANG_WARN_BOOL_CONVERSION = YES;
				CLANG_WARN_CONSTANT_CONVERSION = YES;
				CLANG_WARN_DIRECT_OBJC_ISA_USAGE = YES_ERROR;
				CLANG_WARN_EMPTY_BODY = YES;
				CLANG_WARN_ENUM_CONVERSION = YES;
				CLANG_WARN_INT_CONVERSION = YES;
				CLANG_WARN_OBJC_ROOT_CLASS = YES_ERROR;
				CLANG_WARN_UNREACHABLE_CODE = YES;
				CLANG_WARN__DUPLICATE_METHOD_MATCH = YES;
				"CODE_SIGN_IDENTITY[sdk=iphoneos*]" = "iPhone Developer";
				COPY_PHASE_STRIP = NO;
				DEBUG_INFORMATION_FORMAT = dwarf;
				ENABLE_STRICT_OBJC_MSGSEND = YES;
				ENABLE_TESTABILITY = YES;
				GCC_C_LANGUAGE_STANDARD = gnu99;
				GCC_DYNAMIC_NO_PIC = NO;
				GCC_NO_COMMON_BLOCKS = YES;
				GCC_OPTIMIZATION_LEVEL = 0;
				GCC_PREPROCESSOR_DEFINITIONS = (
					"DEBUG=1",
					"$(inherited)",
				);
				GCC_WARN_64_TO_32_BIT_CONVERSION = YES;
				GCC_WARN_ABOUT_RETURN_TYPE = YES_ERROR;
				GCC_WARN_UNDECLARED_SELECTOR = YES;
				GCC_WARN_UNINITIALIZED_AUTOS = YES_AGGRESSIVE;
				GCC_WARN_UNUSED_FUNCTION = YES;
				GCC_WARN_UNUSED_VARIABLE = YES;
				IPHONEOS_DEPLOYMENT_TARGET = 9.3;
				MTL_ENABLE_DEBUG_INFO = YES;
				ONLY_ACTIVE_ARCH = YES;
				SDKROOT = iphoneos;
			};
			name = Debug;
		};
		4055D3A01D2F184E004FB059 /* Release */ = {
			isa = XCBuildConfiguration;
			buildSettings = {
				ALWAYS_SEARCH_USER_PATHS = NO;
				CLANG_ANALYZER_NONNULL = YES;
				CLANG_CXX_LANGUAGE_STANDARD = "gnu++0x";
				CLANG_CXX_LIBRARY = "libc++";
				CLANG_ENABLE_MODULES = YES;
				CLANG_ENABLE_OBJC_ARC = YES;
				CLANG_WARN_BOOL_CONVERSION = YES;
				CLANG_WARN_CONSTANT_CONVERSION = YES;
				CLANG_WARN_DIRECT_OBJC_ISA_USAGE = YES_ERROR;
				CLANG_WARN_EMPTY_BODY = YES;
				CLANG_WARN_ENUM_CONVERSION = YES;
				CLANG_WARN_INT_CONVERSION = YES;
				CLANG_WARN_OBJC_ROOT_CLASS = YES_ERROR;
				CLANG_WARN_UNREACHABLE_CODE = YES;
				CLANG_WARN__DUPLICATE_METHOD_MATCH = YES;
				"CODE_SIGN_IDENTITY[sdk=iphoneos*]" = "iPhone Developer";
				COPY_PHASE_STRIP = NO;
				DEBUG_INFORMATION_FORMAT = "dwarf-with-dsym";
				ENABLE_NS_ASSERTIONS = NO;
				ENABLE_STRICT_OBJC_MSGSEND = YES;
				GCC_C_LANGUAGE_STANDARD = gnu99;
				GCC_NO_COMMON_BLOCKS = YES;
				GCC_WARN_64_TO_32_BIT_CONVERSION = YES;
				GCC_WARN_ABOUT_RETURN_TYPE = YES_ERROR;
				GCC_WARN_UNDECLARED_SELECTOR = YES;
				GCC_WARN_UNINITIALIZED_AUTOS = YES_AGGRESSIVE;
				GCC_WARN_UNUSED_FUNCTION = YES;
				GCC_WARN_UNUSED_VARIABLE = YES;
				IPHONEOS_DEPLOYMENT_TARGET = 9.3;
				MTL_ENABLE_DEBUG_INFO = NO;
				SDKROOT = iphoneos;
				VALIDATE_PRODUCT = YES;
			};
			name = Release;
		};
		4055D3A21D2F184E004FB059 /* Debug */ = {
			isa = XCBuildConfiguration;
			buildSettings = {
				ASSETCATALOG_COMPILER_APPICON_NAME = AppIcon;
				CODE_SIGN_IDENTITY = "iPhone Developer";
				"CODE_SIGN_IDENTITY[sdk=iphoneos*]" = "iPhone Developer";
				INFOPLIST_FILE = FastestRpm/Info.plist;
				LD_RUNPATH_SEARCH_PATHS = "$(inherited) @executable_path/Frameworks";
				PRODUCT_BUNDLE_IDENTIFIER = jeffeom.FastestRpm;
				PRODUCT_NAME = "$(TARGET_NAME)";
				PROVISIONING_PROFILE = "";
			};
			name = Debug;
		};
		4055D3A31D2F184E004FB059 /* Release */ = {
			isa = XCBuildConfiguration;
			buildSettings = {
				ASSETCATALOG_COMPILER_APPICON_NAME = AppIcon;
				CODE_SIGN_IDENTITY = "iPhone Developer";
				"CODE_SIGN_IDENTITY[sdk=iphoneos*]" = "iPhone Developer";
				INFOPLIST_FILE = FastestRpm/Info.plist;
				LD_RUNPATH_SEARCH_PATHS = "$(inherited) @executable_path/Frameworks";
				PRODUCT_BUNDLE_IDENTIFIER = jeffeom.FastestRpm;
				PRODUCT_NAME = "$(TARGET_NAME)";
				PROVISIONING_PROFILE = "";
			};
			name = Release;
		};
		4055D3A51D2F184E004FB059 /* Debug */ = {
			isa = XCBuildConfiguration;
			buildSettings = {
				BUNDLE_LOADER = "$(TEST_HOST)";
				INFOPLIST_FILE = FastestRpmTests/Info.plist;
				LD_RUNPATH_SEARCH_PATHS = "$(inherited) @executable_path/Frameworks @loader_path/Frameworks";
				PRODUCT_BUNDLE_IDENTIFIER = jeffeom.FastestRpmTests;
				PRODUCT_NAME = "$(TARGET_NAME)";
				TEST_HOST = "$(BUILT_PRODUCTS_DIR)/FastestRpm.app/FastestRpm";
			};
			name = Debug;
		};
		4055D3A61D2F184E004FB059 /* Release */ = {
			isa = XCBuildConfiguration;
			buildSettings = {
				BUNDLE_LOADER = "$(TEST_HOST)";
				INFOPLIST_FILE = FastestRpmTests/Info.plist;
				LD_RUNPATH_SEARCH_PATHS = "$(inherited) @executable_path/Frameworks @loader_path/Frameworks";
				PRODUCT_BUNDLE_IDENTIFIER = jeffeom.FastestRpmTests;
				PRODUCT_NAME = "$(TARGET_NAME)";
				TEST_HOST = "$(BUILT_PRODUCTS_DIR)/FastestRpm.app/FastestRpm";
			};
			name = Release;
		};
		4055D3A81D2F184E004FB059 /* Debug */ = {
			isa = XCBuildConfiguration;
			buildSettings = {
				INFOPLIST_FILE = FastestRpmUITests/Info.plist;
				LD_RUNPATH_SEARCH_PATHS = "$(inherited) @executable_path/Frameworks @loader_path/Frameworks";
				PRODUCT_BUNDLE_IDENTIFIER = jeffeom.FastestRpmUITests;
				PRODUCT_NAME = "$(TARGET_NAME)";
				TEST_TARGET_NAME = FastestRpm;
			};
			name = Debug;
		};
		4055D3A91D2F184E004FB059 /* Release */ = {
			isa = XCBuildConfiguration;
			buildSettings = {
				INFOPLIST_FILE = FastestRpmUITests/Info.plist;
				LD_RUNPATH_SEARCH_PATHS = "$(inherited) @executable_path/Frameworks @loader_path/Frameworks";
				PRODUCT_BUNDLE_IDENTIFIER = jeffeom.FastestRpmUITests;
				PRODUCT_NAME = "$(TARGET_NAME)";
				TEST_TARGET_NAME = FastestRpm;
			};
			name = Release;
		};
/* End XCBuildConfiguration section */

/* Begin XCConfigurationList section */
		4055D36F1D2F184E004FB059 /* Build configuration list for PBXProject "FastestRpm" */ = {
			isa = XCConfigurationList;
			buildConfigurations = (
				4055D39F1D2F184E004FB059 /* Debug */,
				4055D3A01D2F184E004FB059 /* Release */,
			);
			defaultConfigurationIsVisible = 0;
			defaultConfigurationName = Release;
		};
		4055D3A11D2F184E004FB059 /* Build configuration list for PBXNativeTarget "FastestRpm" */ = {
			isa = XCConfigurationList;
			buildConfigurations = (
				4055D3A21D2F184E004FB059 /* Debug */,
				4055D3A31D2F184E004FB059 /* Release */,
			);
			defaultConfigurationIsVisible = 0;
			defaultConfigurationName = Release;
		};
		4055D3A41D2F184E004FB059 /* Build configuration list for PBXNativeTarget "FastestRpmTests" */ = {
			isa = XCConfigurationList;
			buildConfigurations = (
				4055D3A51D2F184E004FB059 /* Debug */,
				4055D3A61D2F184E004FB059 /* Release */,
			);
			defaultConfigurationIsVisible = 0;
			defaultConfigurationName = Release;
		};
		4055D3A71D2F184E004FB059 /* Build configuration list for PBXNativeTarget "FastestRpmUITests" */ = {
			isa = XCConfigurationList;
			buildConfigurations = (
				4055D3A81D2F184E004FB059 /* Debug */,
				4055D3A91D2F184E004FB059 /* Release */,
			);
			defaultConfigurationIsVisible = 0;
			defaultConfigurationName = Release;
		};
/* End XCConfigurationList section */
	};
	rootObject = 4055D36C1D2F184E004FB059 /* Project object */;
}
